
Microsoft Visual Studio Solution File, Format Version 12.00
# Visual Studio Version 17
VisualStudioVersion = 17.12.35506.116
MinimumVisualStudioVersion = 10.0.40219.1
Project("{FAE04EC0-301F-11D3-BF4B-00C04F79EFBC}") = "HR.API", "HR.API\HR.API.csproj", "{FF338B3D-5B2B-47D5-8913-C79540711DE9}"
EndProject
Project("{FAE04EC0-301F-11D3-BF4B-00C04F79EFBC}") = "HR.Domain", "HR.Domain\HR.Domain.csproj", "{7E91F6B5-84A9-4127-B1A7-1DD45F7926FD}"
EndProject
Project("{FAE04EC0-301F-11D3-BF4B-00C04F79EFBC}") = "HR.Infrastructure", "HR.Infrastructure\HR.Infrastructure.csproj", "{103DEEAF-325E-452A-96A2-ED6E40460A8E}"
EndProject
Project("{FAE04EC0-301F-11D3-BF4B-00C04F79EFBC}") = "HR.Services", "HR.Services\HR.Services.csproj", "{DD1A98E3-95EB-40E2-980F-4FC94BC2CFB3}"
EndProject
Global
	GlobalSection(SolutionConfigurationPlatforms) = preSolution
		Debug|Any CPU = Debug|Any CPU
		Release|Any CPU = Release|Any CPU
	EndGlobalSection
	GlobalSection(ProjectConfigurationPlatforms) = postSolution
		{FF338B3D-5B2B-47D5-8913-C79540711DE9}.Debug|Any CPU.ActiveCfg = Debug|Any CPU
		{FF338B3D-5B2B-47D5-8913-C79540711DE9}.Debug|Any CPU.Build.0 = Debug|Any CPU
		{FF338B3D-5B2B-47D5-8913-C79540711DE9}.Release|Any CPU.ActiveCfg = Release|Any CPU
		{FF338B3D-5B2B-47D5-8913-C79540711DE9}.Release|Any CPU.Build.0 = Release|Any CPU
		{7E91F6B5-84A9-4127-B1A7-1DD45F7926FD}.Debug|Any CPU.ActiveCfg = Debug|Any CPU
		{7E91F6B5-84A9-4127-B1A7-1DD45F7926FD}.Debug|Any CPU.Build.0 = Debug|Any CPU
		{7E91F6B5-84A9-4127-B1A7-1DD45F7926FD}.Release|Any CPU.ActiveCfg = Release|Any CPU
		{7E91F6B5-84A9-4127-B1A7-1DD45F7926FD}.Release|Any CPU.Build.0 = Release|Any CPU
		{103DEEAF-325E-452A-96A2-ED6E40460A8E}.Debug|Any CPU.ActiveCfg = Debug|Any CPU
		{103DEEAF-325E-452A-96A2-ED6E40460A8E}.Debug|Any CPU.Build.0 = Debug|Any CPU
		{103DEEAF-325E-452A-96A2-ED6E40460A8E}.Release|Any CPU.ActiveCfg = Release|Any CPU
		{103DEEAF-325E-452A-96A2-ED6E40460A8E}.Release|Any CPU.Build.0 = Release|Any CPU
		{DD1A98E3-95EB-40E2-980F-4FC94BC2CFB3}.Debug|Any CPU.ActiveCfg = Debug|Any CPU
		{DD1A98E3-95EB-40E2-980F-4FC94BC2CFB3}.Debug|Any CPU.Build.0 = Debug|Any CPU
		{DD1A98E3-95EB-40E2-980F-4FC94BC2CFB3}.Release|Any CPU.ActiveCfg = Release|Any CPU
		{DD1A98E3-95EB-40E2-980F-4FC94BC2CFB3}.Release|Any CPU.Build.0 = Release|Any CPU
	EndGlobalSection
	GlobalSection(SolutionProperties) = preSolution
		HideSolutionNode = FALSE
	EndGlobalSection
EndGlobal
